// !$*UTF8*$!
{
	archiveVersion = 1;
	classes = {
	};
	objectVersion = 51;
	objects = {

/* Begin PBXBuildFile section */
		30378E1525DD5B0C0080C781 /* AppDelegate.swift in Sources */ = {isa = PBXBuildFile; fileRef = 30378E1425DD5B0C0080C781 /* AppDelegate.swift */; };
		30378E1725DD5B0C0080C781 /* SceneDelegate.swift in Sources */ = {isa = PBXBuildFile; fileRef = 30378E1625DD5B0C0080C781 /* SceneDelegate.swift */; };
		30378E1C25DD5B0C0080C781 /* Main.storyboard in Resources */ = {isa = PBXBuildFile; fileRef = 30378E1A25DD5B0C0080C781 /* Main.storyboard */; };
		30378E1E25DD5B0D0080C781 /* Assets.xcassets in Resources */ = {isa = PBXBuildFile; fileRef = 30378E1D25DD5B0D0080C781 /* Assets.xcassets */; };
		30378E2125DD5B0D0080C781 /* LaunchScreen.storyboard in Resources */ = {isa = PBXBuildFile; fileRef = 30378E1F25DD5B0D0080C781 /* LaunchScreen.storyboard */; };
		30378E2C25DD5B0D0080C781 /* NYTimesMostPopularTests.swift in Sources */ = {isa = PBXBuildFile; fileRef = 30378E2B25DD5B0D0080C781 /* NYTimesMostPopularTests.swift */; };
		30378E3725DD5B0D0080C781 /* NYTimesMostPopularUITests.swift in Sources */ = {isa = PBXBuildFile; fileRef = 30378E3625DD5B0D0080C781 /* NYTimesMostPopularUITests.swift */; };
		30378E4625DD5B370080C781 /* BaseAPIClient.swift in Sources */ = {isa = PBXBuildFile; fileRef = 30378E4525DD5B370080C781 /* BaseAPIClient.swift */; };
		30378E4B25DD5B410080C781 /* Environment.swift in Sources */ = {isa = PBXBuildFile; fileRef = 30378E4825DD5B410080C781 /* Environment.swift */; };
		30378E4C25DD5B410080C781 /* BaseAPIConfiguration.swift in Sources */ = {isa = PBXBuildFile; fileRef = 30378E4925DD5B410080C781 /* BaseAPIConfiguration.swift */; };
		30378E4F25DD5BDF0080C781 /* Router.swift in Sources */ = {isa = PBXBuildFile; fileRef = 30378E4E25DD5BDF0080C781 /* Router.swift */; };
		30378E5325DD5C020080C781 /* BaseViewControllerProtocol.swift in Sources */ = {isa = PBXBuildFile; fileRef = 30378E5025DD5BF60080C781 /* BaseViewControllerProtocol.swift */; };
		30378E5425DD5C020080C781 /* BasePresenter.swift in Sources */ = {isa = PBXBuildFile; fileRef = 30378E5125DD5BFD0080C781 /* BasePresenter.swift */; };
		30378E5525DD5C020080C781 /* BaseViewController.swift in Sources */ = {isa = PBXBuildFile; fileRef = 30378E5225DD5C000080C781 /* BaseViewController.swift */; };
		30378E5725DD5D400080C781 /* Localizable.strings in Resources */ = {isa = PBXBuildFile; fileRef = 30378E5625DD5D400080C781 /* Localizable.strings */; };
		30378E6225DD5E970080C781 /* StoryBoardNames.swift in Sources */ = {isa = PBXBuildFile; fileRef = 30378E5B25DD5E970080C781 /* StoryBoardNames.swift */; };
		30378E6325DD5E970080C781 /* FontsConstants.swift in Sources */ = {isa = PBXBuildFile; fileRef = 30378E5C25DD5E970080C781 /* FontsConstants.swift */; };
		30378E6425DD5E970080C781 /* AppConstants.swift in Sources */ = {isa = PBXBuildFile; fileRef = 30378E5D25DD5E970080C781 /* AppConstants.swift */; };
		30378E6525DD5E970080C781 /* Font.swift in Sources */ = {isa = PBXBuildFile; fileRef = 30378E5E25DD5E970080C781 /* Font.swift */; };
		30378E6F25DD61780080C781 /* sf-ui-display-semibold-58646eddcae92.otf in Resources */ = {isa = PBXBuildFile; fileRef = 30378E6725DD61770080C781 /* sf-ui-display-semibold-58646eddcae92.otf */; };
		30378E7025DD61780080C781 /* sf-ui-display-black-58646a6b80d5a.otf in Resources */ = {isa = PBXBuildFile; fileRef = 30378E6825DD61770080C781 /* sf-ui-display-black-58646a6b80d5a.otf */; };
		30378E7125DD61780080C781 /* sf-ui-display-heavy-586470160b9e5.otf in Resources */ = {isa = PBXBuildFile; fileRef = 30378E6925DD61770080C781 /* sf-ui-display-heavy-586470160b9e5.otf */; };
		30378E7225DD61780080C781 /* sf-ui-display-thin-58646e9b26e8b.otf in Resources */ = {isa = PBXBuildFile; fileRef = 30378E6A25DD61770080C781 /* sf-ui-display-thin-58646e9b26e8b.otf */; };
		30378E7325DD61780080C781 /* sf-ui-display-ultralight-58646b19bf205.otf in Resources */ = {isa = PBXBuildFile; fileRef = 30378E6B25DD61770080C781 /* sf-ui-display-ultralight-58646b19bf205.otf */; };
		30378E7425DD61780080C781 /* sf-ui-display-medium-58646be638f96.otf in Resources */ = {isa = PBXBuildFile; fileRef = 30378E6C25DD61780080C781 /* sf-ui-display-medium-58646be638f96.otf */; };
		30378E7525DD61780080C781 /* sf-ui-display-light-58646b33e0551.otf in Resources */ = {isa = PBXBuildFile; fileRef = 30378E6D25DD61780080C781 /* sf-ui-display-light-58646b33e0551.otf */; };
		30378E7625DD61780080C781 /* sf-ui-display-bold-58646a511e3d9.otf in Resources */ = {isa = PBXBuildFile; fileRef = 30378E6E25DD61780080C781 /* sf-ui-display-bold-58646a511e3d9.otf */; };
		30378E7925DD62BE0080C781 /* View.swift in Sources */ = {isa = PBXBuildFile; fileRef = 30378E7825DD62BD0080C781 /* View.swift */; };
		30378E8525DD6CBD0080C781 /* Colors.swift in Sources */ = {isa = PBXBuildFile; fileRef = 30378E8425DD6CBD0080C781 /* Colors.swift */; };
		30378E8725DD6D390080C781 /* DataTypesExtensions.swift in Sources */ = {isa = PBXBuildFile; fileRef = 30378E8625DD6D390080C781 /* DataTypesExtensions.swift */; };
		30378E8925DD9BD30080C781 /* ReachabilityChecker.swift in Sources */ = {isa = PBXBuildFile; fileRef = 30378E8825DD9BD30080C781 /* ReachabilityChecker.swift */; };
		30378E8B25DD9C300080C781 /* ViewUtility.swift in Sources */ = {isa = PBXBuildFile; fileRef = 30378E8A25DD9C300080C781 /* ViewUtility.swift */; };
		30378E8E25DD9F820080C781 /* MostPopularNewsListViewController.swift in Sources */ = {isa = PBXBuildFile; fileRef = 30378E8D25DD9F820080C781 /* MostPopularNewsListViewController.swift */; };
		30378E9325DDA0470080C781 /* MostPopulatNewsTableViewCell.swift in Sources */ = {isa = PBXBuildFile; fileRef = 30378E9125DDA0470080C781 /* MostPopulatNewsTableViewCell.swift */; };
		30378E9425DDA0470080C781 /* MostPopulatNewsTableViewCell.xib in Resources */ = {isa = PBXBuildFile; fileRef = 30378E9225DDA0470080C781 /* MostPopulatNewsTableViewCell.xib */; };
		30378E9825DDA45A0080C781 /* NewsCellModel.swift in Sources */ = {isa = PBXBuildFile; fileRef = 30378E9725DDA45A0080C781 /* NewsCellModel.swift */; };
		757FCCCB76B275573D95E78A /* Pods_NYTimesMostPopularTests.framework in Frameworks */ = {isa = PBXBuildFile; fileRef = 88D4FB3EEB13EC32888D9993 /* Pods_NYTimesMostPopularTests.framework */; };
		CA7C158C74980FA4C619D4CF /* Pods_NYTimesMostPopular_NYTimesMostPopularUITests.framework in Frameworks */ = {isa = PBXBuildFile; fileRef = 4DE81FC76E960D908838BB12 /* Pods_NYTimesMostPopular_NYTimesMostPopularUITests.framework */; };
		EA72FF0BEC4E9F22BD3EEE8D /* Pods_NYTimesMostPopular.framework in Frameworks */ = {isa = PBXBuildFile; fileRef = DA8553102733F6D8CDF24435 /* Pods_NYTimesMostPopular.framework */; };
/* End PBXBuildFile section */

/* Begin PBXContainerItemProxy section */
		30378E2825DD5B0D0080C781 /* PBXContainerItemProxy */ = {
			isa = PBXContainerItemProxy;
			containerPortal = 30378E0925DD5B0C0080C781 /* Project object */;
			proxyType = 1;
			remoteGlobalIDString = 30378E1025DD5B0C0080C781;
			remoteInfo = NYTimesMostPopular;
		};
		30378E3325DD5B0D0080C781 /* PBXContainerItemProxy */ = {
			isa = PBXContainerItemProxy;
			containerPortal = 30378E0925DD5B0C0080C781 /* Project object */;
			proxyType = 1;
			remoteGlobalIDString = 30378E1025DD5B0C0080C781;
			remoteInfo = NYTimesMostPopular;
		};
/* End PBXContainerItemProxy section */

/* Begin PBXFileReference section */
		0A1509991DBA026272152228 /* Pods-NYTimesMostPopular.debug.xcconfig */ = {isa = PBXFileReference; includeInIndex = 1; lastKnownFileType = text.xcconfig; name = "Pods-NYTimesMostPopular.debug.xcconfig"; path = "Target Support Files/Pods-NYTimesMostPopular/Pods-NYTimesMostPopular.debug.xcconfig"; sourceTree = "<group>"; };
		1798AE2EE51BD4AC898E6816 /* Pods-NYTimesMostPopular-NYTimesMostPopularUITests.release.xcconfig */ = {isa = PBXFileReference; includeInIndex = 1; lastKnownFileType = text.xcconfig; name = "Pods-NYTimesMostPopular-NYTimesMostPopularUITests.release.xcconfig"; path = "Target Support Files/Pods-NYTimesMostPopular-NYTimesMostPopularUITests/Pods-NYTimesMostPopular-NYTimesMostPopularUITests.release.xcconfig"; sourceTree = "<group>"; };
		30378E1125DD5B0C0080C781 /* NYTimesMostPopular.app */ = {isa = PBXFileReference; explicitFileType = wrapper.application; includeInIndex = 0; path = NYTimesMostPopular.app; sourceTree = BUILT_PRODUCTS_DIR; };
		30378E1425DD5B0C0080C781 /* AppDelegate.swift */ = {isa = PBXFileReference; lastKnownFileType = sourcecode.swift; path = AppDelegate.swift; sourceTree = "<group>"; };
		30378E1625DD5B0C0080C781 /* SceneDelegate.swift */ = {isa = PBXFileReference; lastKnownFileType = sourcecode.swift; path = SceneDelegate.swift; sourceTree = "<group>"; };
		30378E1B25DD5B0C0080C781 /* Base */ = {isa = PBXFileReference; lastKnownFileType = file.storyboard; name = Base; path = Base.lproj/Main.storyboard; sourceTree = "<group>"; };
		30378E1D25DD5B0D0080C781 /* Assets.xcassets */ = {isa = PBXFileReference; lastKnownFileType = folder.assetcatalog; path = Assets.xcassets; sourceTree = "<group>"; };
		30378E2025DD5B0D0080C781 /* Base */ = {isa = PBXFileReference; lastKnownFileType = file.storyboard; name = Base; path = Base.lproj/LaunchScreen.storyboard; sourceTree = "<group>"; };
		30378E2225DD5B0D0080C781 /* Info.plist */ = {isa = PBXFileReference; lastKnownFileType = text.plist.xml; path = Info.plist; sourceTree = "<group>"; };
		30378E2725DD5B0D0080C781 /* NYTimesMostPopularTests.xctest */ = {isa = PBXFileReference; explicitFileType = wrapper.cfbundle; includeInIndex = 0; path = NYTimesMostPopularTests.xctest; sourceTree = BUILT_PRODUCTS_DIR; };
		30378E2B25DD5B0D0080C781 /* NYTimesMostPopularTests.swift */ = {isa = PBXFileReference; lastKnownFileType = sourcecode.swift; path = NYTimesMostPopularTests.swift; sourceTree = "<group>"; };
		30378E2D25DD5B0D0080C781 /* Info.plist */ = {isa = PBXFileReference; lastKnownFileType = text.plist.xml; path = Info.plist; sourceTree = "<group>"; };
		30378E3225DD5B0D0080C781 /* NYTimesMostPopularUITests.xctest */ = {isa = PBXFileReference; explicitFileType = wrapper.cfbundle; includeInIndex = 0; path = NYTimesMostPopularUITests.xctest; sourceTree = BUILT_PRODUCTS_DIR; };
		30378E3625DD5B0D0080C781 /* NYTimesMostPopularUITests.swift */ = {isa = PBXFileReference; lastKnownFileType = sourcecode.swift; path = NYTimesMostPopularUITests.swift; sourceTree = "<group>"; };
		30378E3825DD5B0D0080C781 /* Info.plist */ = {isa = PBXFileReference; lastKnownFileType = text.plist.xml; path = Info.plist; sourceTree = "<group>"; };
		30378E4525DD5B370080C781 /* BaseAPIClient.swift */ = {isa = PBXFileReference; fileEncoding = 4; lastKnownFileType = sourcecode.swift; path = BaseAPIClient.swift; sourceTree = "<group>"; };
		30378E4825DD5B410080C781 /* Environment.swift */ = {isa = PBXFileReference; fileEncoding = 4; lastKnownFileType = sourcecode.swift; path = Environment.swift; sourceTree = "<group>"; };
		30378E4925DD5B410080C781 /* BaseAPIConfiguration.swift */ = {isa = PBXFileReference; fileEncoding = 4; lastKnownFileType = sourcecode.swift; path = BaseAPIConfiguration.swift; sourceTree = "<group>"; };
		30378E4E25DD5BDF0080C781 /* Router.swift */ = {isa = PBXFileReference; fileEncoding = 4; lastKnownFileType = sourcecode.swift; path = Router.swift; sourceTree = "<group>"; };
		30378E5025DD5BF60080C781 /* BaseViewControllerProtocol.swift */ = {isa = PBXFileReference; fileEncoding = 4; lastKnownFileType = sourcecode.swift; path = BaseViewControllerProtocol.swift; sourceTree = "<group>"; };
		30378E5125DD5BFD0080C781 /* BasePresenter.swift */ = {isa = PBXFileReference; fileEncoding = 4; lastKnownFileType = sourcecode.swift; path = BasePresenter.swift; sourceTree = "<group>"; };
		30378E5225DD5C000080C781 /* BaseViewController.swift */ = {isa = PBXFileReference; fileEncoding = 4; lastKnownFileType = sourcecode.swift; path = BaseViewController.swift; sourceTree = "<group>"; };
		30378E5625DD5D400080C781 /* Localizable.strings */ = {isa = PBXFileReference; fileEncoding = 4; lastKnownFileType = text.plist.strings; path = Localizable.strings; sourceTree = "<group>"; };
		30378E5B25DD5E970080C781 /* StoryBoardNames.swift */ = {isa = PBXFileReference; fileEncoding = 4; lastKnownFileType = sourcecode.swift; path = StoryBoardNames.swift; sourceTree = "<group>"; };
		30378E5C25DD5E970080C781 /* FontsConstants.swift */ = {isa = PBXFileReference; fileEncoding = 4; lastKnownFileType = sourcecode.swift; path = FontsConstants.swift; sourceTree = "<group>"; };
		30378E5D25DD5E970080C781 /* AppConstants.swift */ = {isa = PBXFileReference; fileEncoding = 4; lastKnownFileType = sourcecode.swift; path = AppConstants.swift; sourceTree = "<group>"; };
		30378E5E25DD5E970080C781 /* Font.swift */ = {isa = PBXFileReference; fileEncoding = 4; lastKnownFileType = sourcecode.swift; path = Font.swift; sourceTree = "<group>"; };
		30378E6725DD61770080C781 /* sf-ui-display-semibold-58646eddcae92.otf */ = {isa = PBXFileReference; lastKnownFileType = file; path = "sf-ui-display-semibold-58646eddcae92.otf"; sourceTree = "<group>"; };
		30378E6825DD61770080C781 /* sf-ui-display-black-58646a6b80d5a.otf */ = {isa = PBXFileReference; lastKnownFileType = file; path = "sf-ui-display-black-58646a6b80d5a.otf"; sourceTree = "<group>"; };
		30378E6925DD61770080C781 /* sf-ui-display-heavy-586470160b9e5.otf */ = {isa = PBXFileReference; lastKnownFileType = file; path = "sf-ui-display-heavy-586470160b9e5.otf"; sourceTree = "<group>"; };
		30378E6A25DD61770080C781 /* sf-ui-display-thin-58646e9b26e8b.otf */ = {isa = PBXFileReference; lastKnownFileType = file; path = "sf-ui-display-thin-58646e9b26e8b.otf"; sourceTree = "<group>"; };
		30378E6B25DD61770080C781 /* sf-ui-display-ultralight-58646b19bf205.otf */ = {isa = PBXFileReference; lastKnownFileType = file; path = "sf-ui-display-ultralight-58646b19bf205.otf"; sourceTree = "<group>"; };
		30378E6C25DD61780080C781 /* sf-ui-display-medium-58646be638f96.otf */ = {isa = PBXFileReference; lastKnownFileType = file; path = "sf-ui-display-medium-58646be638f96.otf"; sourceTree = "<group>"; };
		30378E6D25DD61780080C781 /* sf-ui-display-light-58646b33e0551.otf */ = {isa = PBXFileReference; lastKnownFileType = file; path = "sf-ui-display-light-58646b33e0551.otf"; sourceTree = "<group>"; };
		30378E6E25DD61780080C781 /* sf-ui-display-bold-58646a511e3d9.otf */ = {isa = PBXFileReference; lastKnownFileType = file; path = "sf-ui-display-bold-58646a511e3d9.otf"; sourceTree = "<group>"; };
		30378E7825DD62BD0080C781 /* View.swift */ = {isa = PBXFileReference; fileEncoding = 4; lastKnownFileType = sourcecode.swift; path = View.swift; sourceTree = "<group>"; };
		30378E8425DD6CBD0080C781 /* Colors.swift */ = {isa = PBXFileReference; fileEncoding = 4; lastKnownFileType = sourcecode.swift; path = Colors.swift; sourceTree = "<group>"; };
		30378E8625DD6D390080C781 /* DataTypesExtensions.swift */ = {isa = PBXFileReference; fileEncoding = 4; lastKnownFileType = sourcecode.swift; path = DataTypesExtensions.swift; sourceTree = "<group>"; };
		30378E8825DD9BD30080C781 /* ReachabilityChecker.swift */ = {isa = PBXFileReference; lastKnownFileType = sourcecode.swift; path = ReachabilityChecker.swift; sourceTree = "<group>"; };
		30378E8A25DD9C300080C781 /* ViewUtility.swift */ = {isa = PBXFileReference; fileEncoding = 4; lastKnownFileType = sourcecode.swift; path = ViewUtility.swift; sourceTree = "<group>"; };
		30378E8D25DD9F820080C781 /* MostPopularNewsListViewController.swift */ = {isa = PBXFileReference; lastKnownFileType = sourcecode.swift; path = MostPopularNewsListViewController.swift; sourceTree = "<group>"; };
		30378E9125DDA0470080C781 /* MostPopulatNewsTableViewCell.swift */ = {isa = PBXFileReference; lastKnownFileType = sourcecode.swift; path = MostPopulatNewsTableViewCell.swift; sourceTree = "<group>"; };
		30378E9225DDA0470080C781 /* MostPopulatNewsTableViewCell.xib */ = {isa = PBXFileReference; lastKnownFileType = file.xib; path = MostPopulatNewsTableViewCell.xib; sourceTree = "<group>"; };
		30378E9725DDA45A0080C781 /* NewsCellModel.swift */ = {isa = PBXFileReference; lastKnownFileType = sourcecode.swift; path = NewsCellModel.swift; sourceTree = "<group>"; };
		4DE81FC76E960D908838BB12 /* Pods_NYTimesMostPopular_NYTimesMostPopularUITests.framework */ = {isa = PBXFileReference; explicitFileType = wrapper.framework; includeInIndex = 0; path = Pods_NYTimesMostPopular_NYTimesMostPopularUITests.framework; sourceTree = BUILT_PRODUCTS_DIR; };
		6ECEDCECDB5E95AA8559F9DB /* Pods-NYTimesMostPopularTests.debug.xcconfig */ = {isa = PBXFileReference; includeInIndex = 1; lastKnownFileType = text.xcconfig; name = "Pods-NYTimesMostPopularTests.debug.xcconfig"; path = "Target Support Files/Pods-NYTimesMostPopularTests/Pods-NYTimesMostPopularTests.debug.xcconfig"; sourceTree = "<group>"; };
		88D4FB3EEB13EC32888D9993 /* Pods_NYTimesMostPopularTests.framework */ = {isa = PBXFileReference; explicitFileType = wrapper.framework; includeInIndex = 0; path = Pods_NYTimesMostPopularTests.framework; sourceTree = BUILT_PRODUCTS_DIR; };
		BAA6A917679DBB35DD949C51 /* Pods-NYTimesMostPopular-NYTimesMostPopularUITests.debug.xcconfig */ = {isa = PBXFileReference; includeInIndex = 1; lastKnownFileType = text.xcconfig; name = "Pods-NYTimesMostPopular-NYTimesMostPopularUITests.debug.xcconfig"; path = "Target Support Files/Pods-NYTimesMostPopular-NYTimesMostPopularUITests/Pods-NYTimesMostPopular-NYTimesMostPopularUITests.debug.xcconfig"; sourceTree = "<group>"; };
		BC392E4E1C179A20F4997925 /* Pods-NYTimesMostPopularTests.release.xcconfig */ = {isa = PBXFileReference; includeInIndex = 1; lastKnownFileType = text.xcconfig; name = "Pods-NYTimesMostPopularTests.release.xcconfig"; path = "Target Support Files/Pods-NYTimesMostPopularTests/Pods-NYTimesMostPopularTests.release.xcconfig"; sourceTree = "<group>"; };
		C28E3DA750FEE4DB6A19C56A /* Pods-NYTimesMostPopular.release.xcconfig */ = {isa = PBXFileReference; includeInIndex = 1; lastKnownFileType = text.xcconfig; name = "Pods-NYTimesMostPopular.release.xcconfig"; path = "Target Support Files/Pods-NYTimesMostPopular/Pods-NYTimesMostPopular.release.xcconfig"; sourceTree = "<group>"; };
		DA8553102733F6D8CDF24435 /* Pods_NYTimesMostPopular.framework */ = {isa = PBXFileReference; explicitFileType = wrapper.framework; includeInIndex = 0; path = Pods_NYTimesMostPopular.framework; sourceTree = BUILT_PRODUCTS_DIR; };
/* End PBXFileReference section */

/* Begin PBXFrameworksBuildPhase section */
		30378E0E25DD5B0C0080C781 /* Frameworks */ = {
			isa = PBXFrameworksBuildPhase;
			buildActionMask = 2147483647;
			files = (
				EA72FF0BEC4E9F22BD3EEE8D /* Pods_NYTimesMostPopular.framework in Frameworks */,
			);
			runOnlyForDeploymentPostprocessing = 0;
		};
		30378E2425DD5B0D0080C781 /* Frameworks */ = {
			isa = PBXFrameworksBuildPhase;
			buildActionMask = 2147483647;
			files = (
				757FCCCB76B275573D95E78A /* Pods_NYTimesMostPopularTests.framework in Frameworks */,
			);
			runOnlyForDeploymentPostprocessing = 0;
		};
		30378E2F25DD5B0D0080C781 /* Frameworks */ = {
			isa = PBXFrameworksBuildPhase;
			buildActionMask = 2147483647;
			files = (
				CA7C158C74980FA4C619D4CF /* Pods_NYTimesMostPopular_NYTimesMostPopularUITests.framework in Frameworks */,
			);
			runOnlyForDeploymentPostprocessing = 0;
		};
/* End PBXFrameworksBuildPhase section */

/* Begin PBXGroup section */
		30378E0825DD5B0C0080C781 = {
			isa = PBXGroup;
			children = (
				30378E1325DD5B0C0080C781 /* NYTimesMostPopular */,
				30378E2A25DD5B0D0080C781 /* NYTimesMostPopularTests */,
				30378E3525DD5B0D0080C781 /* NYTimesMostPopularUITests */,
				30378E1225DD5B0C0080C781 /* Products */,
				AE9E60D8EBCA600F73B04BAE /* Pods */,
				E22D0FF04E62FF7AE4D4C5CF /* Frameworks */,
			);
			sourceTree = "<group>";
		};
		30378E1225DD5B0C0080C781 /* Products */ = {
			isa = PBXGroup;
			children = (
				30378E1125DD5B0C0080C781 /* NYTimesMostPopular.app */,
				30378E2725DD5B0D0080C781 /* NYTimesMostPopularTests.xctest */,
				30378E3225DD5B0D0080C781 /* NYTimesMostPopularUITests.xctest */,
			);
			name = Products;
			sourceTree = "<group>";
		};
		30378E1325DD5B0C0080C781 /* NYTimesMostPopular */ = {
			isa = PBXGroup;
			children = (
				30378E7725DD618F0080C781 /* Fonts */,
				30378E4425DD5B1F0080C781 /* Networking  */,
				30378E7A25DD62C20080C781 /* Utility */,
				30378E5825DD5E970080C781 /* Constants */,
				30378E4D25DD5BB90080C781 /* Bases */,
				30378E8C25DD9F670080C781 /* MostPopularNNewsList */,
				30378E5625DD5D400080C781 /* Localizable.strings */,
				30378E1425DD5B0C0080C781 /* AppDelegate.swift */,
				30378E1625DD5B0C0080C781 /* SceneDelegate.swift */,
				30378E1D25DD5B0D0080C781 /* Assets.xcassets */,
				30378E1F25DD5B0D0080C781 /* LaunchScreen.storyboard */,
				30378E2225DD5B0D0080C781 /* Info.plist */,
			);
			path = NYTimesMostPopular;
			sourceTree = "<group>";
		};
		30378E2A25DD5B0D0080C781 /* NYTimesMostPopularTests */ = {
			isa = PBXGroup;
			children = (
				30378E2B25DD5B0D0080C781 /* NYTimesMostPopularTests.swift */,
				30378E2D25DD5B0D0080C781 /* Info.plist */,
			);
			path = NYTimesMostPopularTests;
			sourceTree = "<group>";
		};
		30378E3525DD5B0D0080C781 /* NYTimesMostPopularUITests */ = {
			isa = PBXGroup;
			children = (
				30378E3625DD5B0D0080C781 /* NYTimesMostPopularUITests.swift */,
				30378E3825DD5B0D0080C781 /* Info.plist */,
			);
			path = NYTimesMostPopularUITests;
			sourceTree = "<group>";
		};
		30378E4425DD5B1F0080C781 /* Networking  */ = {
			isa = PBXGroup;
			children = (
				30378E4825DD5B410080C781 /* Environment.swift */,
				30378E4925DD5B410080C781 /* BaseAPIConfiguration.swift */,
				30378E4525DD5B370080C781 /* BaseAPIClient.swift */,
				30378E8825DD9BD30080C781 /* ReachabilityChecker.swift */,
			);
			path = "Networking ";
			sourceTree = "<group>";
		};
		30378E4D25DD5BB90080C781 /* Bases */ = {
			isa = PBXGroup;
			children = (
				30378E4E25DD5BDF0080C781 /* Router.swift */,
				30378E5125DD5BFD0080C781 /* BasePresenter.swift */,
				30378E5225DD5C000080C781 /* BaseViewController.swift */,
				30378E5025DD5BF60080C781 /* BaseViewControllerProtocol.swift */,
			);
			path = Bases;
			sourceTree = "<group>";
		};
		30378E5825DD5E970080C781 /* Constants */ = {
			isa = PBXGroup;
			children = (
				30378E8425DD6CBD0080C781 /* Colors.swift */,
				30378E5B25DD5E970080C781 /* StoryBoardNames.swift */,
				30378E5C25DD5E970080C781 /* FontsConstants.swift */,
				30378E5D25DD5E970080C781 /* AppConstants.swift */,
				30378E5E25DD5E970080C781 /* Font.swift */,
			);
			path = Constants;
			sourceTree = "<group>";
		};
		30378E7725DD618F0080C781 /* Fonts */ = {
			isa = PBXGroup;
			children = (
				30378E6825DD61770080C781 /* sf-ui-display-black-58646a6b80d5a.otf */,
				30378E6E25DD61780080C781 /* sf-ui-display-bold-58646a511e3d9.otf */,
				30378E6925DD61770080C781 /* sf-ui-display-heavy-586470160b9e5.otf */,
				30378E6D25DD61780080C781 /* sf-ui-display-light-58646b33e0551.otf */,
				30378E6C25DD61780080C781 /* sf-ui-display-medium-58646be638f96.otf */,
				30378E6725DD61770080C781 /* sf-ui-display-semibold-58646eddcae92.otf */,
				30378E6A25DD61770080C781 /* sf-ui-display-thin-58646e9b26e8b.otf */,
				30378E6B25DD61770080C781 /* sf-ui-display-ultralight-58646b19bf205.otf */,
			);
			path = Fonts;
			sourceTree = "<group>";
		};
		30378E7A25DD62C20080C781 /* Utility */ = {
			isa = PBXGroup;
			children = (
				30378E8A25DD9C300080C781 /* ViewUtility.swift */,
				30378E7825DD62BD0080C781 /* View.swift */,
				30378E8625DD6D390080C781 /* DataTypesExtensions.swift */,
			);
			path = Utility;
			sourceTree = "<group>";
		};
		30378E8C25DD9F670080C781 /* MostPopularNNewsList */ = {
			isa = PBXGroup;
			children = (
				30378E9525DDA4230080C781 /* Model */,
				30378E8F25DD9FAE0080C781 /* View */,
			);
			path = MostPopularNNewsList;
			sourceTree = "<group>";
		};
		30378E8F25DD9FAE0080C781 /* View */ = {
			isa = PBXGroup;
			children = (
				30378E1A25DD5B0C0080C781 /* Main.storyboard */,
				30378E8D25DD9F820080C781 /* MostPopularNewsListViewController.swift */,
				30378E9125DDA0470080C781 /* MostPopulatNewsTableViewCell.swift */,
				30378E9225DDA0470080C781 /* MostPopulatNewsTableViewCell.xib */,
			);
			name = View;
			sourceTree = "<group>";
		};
		30378E9525DDA4230080C781 /* Model */ = {
			isa = PBXGroup;
			children = (
				30378E9625DDA42C0080C781 /* UIModel */,
			);
			name = Model;
			sourceTree = "<group>";
		};
		30378E9625DDA42C0080C781 /* UIModel */ = {
			isa = PBXGroup;
			children = (
				30378E9725DDA45A0080C781 /* NewsCellModel.swift */,
			);
			name = UIModel;
			sourceTree = "<group>";
		};
		AE9E60D8EBCA600F73B04BAE /* Pods */ = {
			isa = PBXGroup;
			children = (
				0A1509991DBA026272152228 /* Pods-NYTimesMostPopular.debug.xcconfig */,
				C28E3DA750FEE4DB6A19C56A /* Pods-NYTimesMostPopular.release.xcconfig */,
				BAA6A917679DBB35DD949C51 /* Pods-NYTimesMostPopular-NYTimesMostPopularUITests.debug.xcconfig */,
				1798AE2EE51BD4AC898E6816 /* Pods-NYTimesMostPopular-NYTimesMostPopularUITests.release.xcconfig */,
				6ECEDCECDB5E95AA8559F9DB /* Pods-NYTimesMostPopularTests.debug.xcconfig */,
				BC392E4E1C179A20F4997925 /* Pods-NYTimesMostPopularTests.release.xcconfig */,
			);
			path = Pods;
			sourceTree = "<group>";
		};
		E22D0FF04E62FF7AE4D4C5CF /* Frameworks */ = {
			isa = PBXGroup;
			children = (
				DA8553102733F6D8CDF24435 /* Pods_NYTimesMostPopular.framework */,
				4DE81FC76E960D908838BB12 /* Pods_NYTimesMostPopular_NYTimesMostPopularUITests.framework */,
				88D4FB3EEB13EC32888D9993 /* Pods_NYTimesMostPopularTests.framework */,
			);
			name = Frameworks;
			sourceTree = "<group>";
		};
/* End PBXGroup section */

/* Begin PBXNativeTarget section */
		30378E1025DD5B0C0080C781 /* NYTimesMostPopular */ = {
			isa = PBXNativeTarget;
			buildConfigurationList = 30378E3B25DD5B0D0080C781 /* Build configuration list for PBXNativeTarget "NYTimesMostPopular" */;
			buildPhases = (
				E1A157B0CA8A226163422C3C /* [CP] Check Pods Manifest.lock */,
				30378E0D25DD5B0C0080C781 /* Sources */,
				30378E0E25DD5B0C0080C781 /* Frameworks */,
				30378E0F25DD5B0C0080C781 /* Resources */,
				89084C73C6A44E429E2286E1 /* [CP] Embed Pods Frameworks */,
			);
			buildRules = (
			);
			dependencies = (
			);
			name = NYTimesMostPopular;
			productName = NYTimesMostPopular;
			productReference = 30378E1125DD5B0C0080C781 /* NYTimesMostPopular.app */;
			productType = "com.apple.product-type.application";
		};
		30378E2625DD5B0D0080C781 /* NYTimesMostPopularTests */ = {
			isa = PBXNativeTarget;
			buildConfigurationList = 30378E3E25DD5B0D0080C781 /* Build configuration list for PBXNativeTarget "NYTimesMostPopularTests" */;
			buildPhases = (
				1ACEFE21FE49FC91BAECA994 /* [CP] Check Pods Manifest.lock */,
				30378E2325DD5B0D0080C781 /* Sources */,
				30378E2425DD5B0D0080C781 /* Frameworks */,
				30378E2525DD5B0D0080C781 /* Resources */,
			);
			buildRules = (
			);
			dependencies = (
				30378E2925DD5B0D0080C781 /* PBXTargetDependency */,
			);
			name = NYTimesMostPopularTests;
			productName = NYTimesMostPopularTests;
			productReference = 30378E2725DD5B0D0080C781 /* NYTimesMostPopularTests.xctest */;
			productType = "com.apple.product-type.bundle.unit-test";
		};
		30378E3125DD5B0D0080C781 /* NYTimesMostPopularUITests */ = {
			isa = PBXNativeTarget;
			buildConfigurationList = 30378E4125DD5B0D0080C781 /* Build configuration list for PBXNativeTarget "NYTimesMostPopularUITests" */;
			buildPhases = (
				814FC40E2621611BB97BB293 /* [CP] Check Pods Manifest.lock */,
				30378E2E25DD5B0D0080C781 /* Sources */,
				30378E2F25DD5B0D0080C781 /* Frameworks */,
				30378E3025DD5B0D0080C781 /* Resources */,
				E9231CBDAC95429AA3D3DE57 /* [CP] Embed Pods Frameworks */,
			);
			buildRules = (
			);
			dependencies = (
				30378E3425DD5B0D0080C781 /* PBXTargetDependency */,
			);
			name = NYTimesMostPopularUITests;
			productName = NYTimesMostPopularUITests;
			productReference = 30378E3225DD5B0D0080C781 /* NYTimesMostPopularUITests.xctest */;
			productType = "com.apple.product-type.bundle.ui-testing";
		};
/* End PBXNativeTarget section */

/* Begin PBXProject section */
		30378E0925DD5B0C0080C781 /* Project object */ = {
			isa = PBXProject;
			attributes = {
				LastSwiftUpdateCheck = 1130;
				LastUpgradeCheck = 1130;
				ORGANIZATIONNAME = Boubyan;
				TargetAttributes = {
					30378E1025DD5B0C0080C781 = {
						CreatedOnToolsVersion = 11.3.1;
					};
					30378E2625DD5B0D0080C781 = {
						CreatedOnToolsVersion = 11.3.1;
						TestTargetID = 30378E1025DD5B0C0080C781;
					};
					30378E3125DD5B0D0080C781 = {
						CreatedOnToolsVersion = 11.3.1;
						TestTargetID = 30378E1025DD5B0C0080C781;
					};
				};
			};
			buildConfigurationList = 30378E0C25DD5B0C0080C781 /* Build configuration list for PBXProject "NYTimesMostPopular" */;
			compatibilityVersion = "Xcode 9.3";
			developmentRegion = en;
			hasScannedForEncodings = 0;
			knownRegions = (
				en,
				Base,
			);
			mainGroup = 30378E0825DD5B0C0080C781;
			productRefGroup = 30378E1225DD5B0C0080C781 /* Products */;
			projectDirPath = "";
			projectRoot = "";
			targets = (
				30378E1025DD5B0C0080C781 /* NYTimesMostPopular */,
				30378E2625DD5B0D0080C781 /* NYTimesMostPopularTests */,
				30378E3125DD5B0D0080C781 /* NYTimesMostPopularUITests */,
			);
		};
/* End PBXProject section */

/* Begin PBXResourcesBuildPhase section */
		30378E0F25DD5B0C0080C781 /* Resources */ = {
			isa = PBXResourcesBuildPhase;
			buildActionMask = 2147483647;
			files = (
				30378E7025DD61780080C781 /* sf-ui-display-black-58646a6b80d5a.otf in Resources */,
				30378E2125DD5B0D0080C781 /* LaunchScreen.storyboard in Resources */,
				30378E5725DD5D400080C781 /* Localizable.strings in Resources */,
				30378E7225DD61780080C781 /* sf-ui-display-thin-58646e9b26e8b.otf in Resources */,
				30378E6F25DD61780080C781 /* sf-ui-display-semibold-58646eddcae92.otf in Resources */,
				30378E9425DDA0470080C781 /* MostPopulatNewsTableViewCell.xib in Resources */,
				30378E7325DD61780080C781 /* sf-ui-display-ultralight-58646b19bf205.otf in Resources */,
				30378E1E25DD5B0D0080C781 /* Assets.xcassets in Resources */,
				30378E1C25DD5B0C0080C781 /* Main.storyboard in Resources */,
				30378E7525DD61780080C781 /* sf-ui-display-light-58646b33e0551.otf in Resources */,
				30378E7125DD61780080C781 /* sf-ui-display-heavy-586470160b9e5.otf in Resources */,
				30378E7425DD61780080C781 /* sf-ui-display-medium-58646be638f96.otf in Resources */,
				30378E7625DD61780080C781 /* sf-ui-display-bold-58646a511e3d9.otf in Resources */,
			);
			runOnlyForDeploymentPostprocessing = 0;
		};
		30378E2525DD5B0D0080C781 /* Resources */ = {
			isa = PBXResourcesBuildPhase;
			buildActionMask = 2147483647;
			files = (
			);
			runOnlyForDeploymentPostprocessing = 0;
		};
		30378E3025DD5B0D0080C781 /* Resources */ = {
			isa = PBXResourcesBuildPhase;
			buildActionMask = 2147483647;
			files = (
			);
			runOnlyForDeploymentPostprocessing = 0;
		};
/* End PBXResourcesBuildPhase section */

/* Begin PBXShellScriptBuildPhase section */
		1ACEFE21FE49FC91BAECA994 /* [CP] Check Pods Manifest.lock */ = {
			isa = PBXShellScriptBuildPhase;
			buildActionMask = 2147483647;
			files = (
			);
			inputFileListPaths = (
			);
			inputPaths = (
				"${PODS_PODFILE_DIR_PATH}/Podfile.lock",
				"${PODS_ROOT}/Manifest.lock",
			);
			name = "[CP] Check Pods Manifest.lock";
			outputFileListPaths = (
			);
			outputPaths = (
				"$(DERIVED_FILE_DIR)/Pods-NYTimesMostPopularTests-checkManifestLockResult.txt",
			);
			runOnlyForDeploymentPostprocessing = 0;
			shellPath = /bin/sh;
			shellScript = "diff \"${PODS_PODFILE_DIR_PATH}/Podfile.lock\" \"${PODS_ROOT}/Manifest.lock\" > /dev/null\nif [ $? != 0 ] ; then\n    # print error to STDERR\n    echo \"error: The sandbox is not in sync with the Podfile.lock. Run 'pod install' or update your CocoaPods installation.\" >&2\n    exit 1\nfi\n# This output is used by Xcode 'outputs' to avoid re-running this script phase.\necho \"SUCCESS\" > \"${SCRIPT_OUTPUT_FILE_0}\"\n";
			showEnvVarsInLog = 0;
		};
		814FC40E2621611BB97BB293 /* [CP] Check Pods Manifest.lock */ = {
			isa = PBXShellScriptBuildPhase;
			buildActionMask = 2147483647;
			files = (
			);
			inputFileListPaths = (
			);
			inputPaths = (
				"${PODS_PODFILE_DIR_PATH}/Podfile.lock",
				"${PODS_ROOT}/Manifest.lock",
			);
			name = "[CP] Check Pods Manifest.lock";
			outputFileListPaths = (
			);
			outputPaths = (
				"$(DERIVED_FILE_DIR)/Pods-NYTimesMostPopular-NYTimesMostPopularUITests-checkManifestLockResult.txt",
			);
			runOnlyForDeploymentPostprocessing = 0;
			shellPath = /bin/sh;
			shellScript = "diff \"${PODS_PODFILE_DIR_PATH}/Podfile.lock\" \"${PODS_ROOT}/Manifest.lock\" > /dev/null\nif [ $? != 0 ] ; then\n    # print error to STDERR\n    echo \"error: The sandbox is not in sync with the Podfile.lock. Run 'pod install' or update your CocoaPods installation.\" >&2\n    exit 1\nfi\n# This output is used by Xcode 'outputs' to avoid re-running this script phase.\necho \"SUCCESS\" > \"${SCRIPT_OUTPUT_FILE_0}\"\n";
			showEnvVarsInLog = 0;
		};
		89084C73C6A44E429E2286E1 /* [CP] Embed Pods Frameworks */ = {
			isa = PBXShellScriptBuildPhase;
			buildActionMask = 2147483647;
			files = (
			);
			inputFileListPaths = (
				"${PODS_ROOT}/Target Support Files/Pods-NYTimesMostPopular/Pods-NYTimesMostPopular-frameworks-${CONFIGURATION}-input-files.xcfilelist",
			);
			name = "[CP] Embed Pods Frameworks";
			outputFileListPaths = (
				"${PODS_ROOT}/Target Support Files/Pods-NYTimesMostPopular/Pods-NYTimesMostPopular-frameworks-${CONFIGURATION}-output-files.xcfilelist",
			);
			runOnlyForDeploymentPostprocessing = 0;
			shellPath = /bin/sh;
			shellScript = "\"${PODS_ROOT}/Target Support Files/Pods-NYTimesMostPopular/Pods-NYTimesMostPopular-frameworks.sh\"\n";
			showEnvVarsInLog = 0;
		};
		E1A157B0CA8A226163422C3C /* [CP] Check Pods Manifest.lock */ = {
			isa = PBXShellScriptBuildPhase;
			buildActionMask = 2147483647;
			files = (
			);
			inputFileListPaths = (
			);
			inputPaths = (
				"${PODS_PODFILE_DIR_PATH}/Podfile.lock",
				"${PODS_ROOT}/Manifest.lock",
			);
			name = "[CP] Check Pods Manifest.lock";
			outputFileListPaths = (
			);
			outputPaths = (
				"$(DERIVED_FILE_DIR)/Pods-NYTimesMostPopular-checkManifestLockResult.txt",
			);
			runOnlyForDeploymentPostprocessing = 0;
			shellPath = /bin/sh;
			shellScript = "diff \"${PODS_PODFILE_DIR_PATH}/Podfile.lock\" \"${PODS_ROOT}/Manifest.lock\" > /dev/null\nif [ $? != 0 ] ; then\n    # print error to STDERR\n    echo \"error: The sandbox is not in sync with the Podfile.lock. Run 'pod install' or update your CocoaPods installation.\" >&2\n    exit 1\nfi\n# This output is used by Xcode 'outputs' to avoid re-running this script phase.\necho \"SUCCESS\" > \"${SCRIPT_OUTPUT_FILE_0}\"\n";
			showEnvVarsInLog = 0;
		};
		E9231CBDAC95429AA3D3DE57 /* [CP] Embed Pods Frameworks */ = {
			isa = PBXShellScriptBuildPhase;
			buildActionMask = 2147483647;
			files = (
			);
			inputFileListPaths = (
				"${PODS_ROOT}/Target Support Files/Pods-NYTimesMostPopular-NYTimesMostPopularUITests/Pods-NYTimesMostPopular-NYTimesMostPopularUITests-frameworks-${CONFIGURATION}-input-files.xcfilelist",
			);
			name = "[CP] Embed Pods Frameworks";
			outputFileListPaths = (
				"${PODS_ROOT}/Target Support Files/Pods-NYTimesMostPopular-NYTimesMostPopularUITests/Pods-NYTimesMostPopular-NYTimesMostPopularUITests-frameworks-${CONFIGURATION}-output-files.xcfilelist",
			);
			runOnlyForDeploymentPostprocessing = 0;
			shellPath = /bin/sh;
			shellScript = "\"${PODS_ROOT}/Target Support Files/Pods-NYTimesMostPopular-NYTimesMostPopularUITests/Pods-NYTimesMostPopular-NYTimesMostPopularUITests-frameworks.sh\"\n";
			showEnvVarsInLog = 0;
		};
/* End PBXShellScriptBuildPhase section */

/* Begin PBXSourcesBuildPhase section */
		30378E0D25DD5B0C0080C781 /* Sources */ = {
			isa = PBXSourcesBuildPhase;
			buildActionMask = 2147483647;
			files = (
				30378E4F25DD5BDF0080C781 /* Router.swift in Sources */,
				30378E9325DDA0470080C781 /* MostPopulatNewsTableViewCell.swift in Sources */,
				30378E8525DD6CBD0080C781 /* Colors.swift in Sources */,
				30378E8725DD6D390080C781 /* DataTypesExtensions.swift in Sources */,
				30378E5425DD5C020080C781 /* BasePresenter.swift in Sources */,
				30378E5525DD5C020080C781 /* BaseViewController.swift in Sources */,
				30378E4C25DD5B410080C781 /* BaseAPIConfiguration.swift in Sources */,
				30378E7925DD62BE0080C781 /* View.swift in Sources */,
				30378E8E25DD9F820080C781 /* MostPopularNewsListViewController.swift in Sources */,
				30378E4B25DD5B410080C781 /* Environment.swift in Sources */,
				30378E1525DD5B0C0080C781 /* AppDelegate.swift in Sources */,
				30378E8B25DD9C300080C781 /* ViewUtility.swift in Sources */,
				30378E8925DD9BD30080C781 /* ReachabilityChecker.swift in Sources */,
				30378E4625DD5B370080C781 /* BaseAPIClient.swift in Sources */,
				30378E1725DD5B0C0080C781 /* SceneDelegate.swift in Sources */,
				30378E5325DD5C020080C781 /* BaseViewControllerProtocol.swift in Sources */,
				30378E6425DD5E970080C781 /* AppConstants.swift in Sources */,
				30378E6525DD5E970080C781 /* Font.swift in Sources */,
				30378E6225DD5E970080C781 /* StoryBoardNames.swift in Sources */,
				30378E6325DD5E970080C781 /* FontsConstants.swift in Sources */,
				30378E9825DDA45A0080C781 /* NewsCellModel.swift in Sources */,
			);
			runOnlyForDeploymentPostprocessing = 0;
		};
		30378E2325DD5B0D0080C781 /* Sources */ = {
			isa = PBXSourcesBuildPhase;
			buildActionMask = 2147483647;
			files = (
				30378E2C25DD5B0D0080C781 /* NYTimesMostPopularTests.swift in Sources */,
			);
			runOnlyForDeploymentPostprocessing = 0;
		};
		30378E2E25DD5B0D0080C781 /* Sources */ = {
			isa = PBXSourcesBuildPhase;
			buildActionMask = 2147483647;
			files = (
				30378E3725DD5B0D0080C781 /* NYTimesMostPopularUITests.swift in Sources */,
			);
			runOnlyForDeploymentPostprocessing = 0;
		};
/* End PBXSourcesBuildPhase section */

/* Begin PBXTargetDependency section */
		30378E2925DD5B0D0080C781 /* PBXTargetDependency */ = {
			isa = PBXTargetDependency;
			target = 30378E1025DD5B0C0080C781 /* NYTimesMostPopular */;
			targetProxy = 30378E2825DD5B0D0080C781 /* PBXContainerItemProxy */;
		};
		30378E3425DD5B0D0080C781 /* PBXTargetDependency */ = {
			isa = PBXTargetDependency;
			target = 30378E1025DD5B0C0080C781 /* NYTimesMostPopular */;
			targetProxy = 30378E3325DD5B0D0080C781 /* PBXContainerItemProxy */;
		};
/* End PBXTargetDependency section */

/* Begin PBXVariantGroup section */
		30378E1A25DD5B0C0080C781 /* Main.storyboard */ = {
			isa = PBXVariantGroup;
			children = (
				30378E1B25DD5B0C0080C781 /* Base */,
			);
			name = Main.storyboard;
			sourceTree = "<group>";
		};
		30378E1F25DD5B0D0080C781 /* LaunchScreen.storyboard */ = {
			isa = PBXVariantGroup;
			children = (
				30378E2025DD5B0D0080C781 /* Base */,
			);
			name = LaunchScreen.storyboard;
			sourceTree = "<group>";
		};
/* End PBXVariantGroup section */

/* Begin XCBuildConfiguration section */
		30378E3925DD5B0D0080C781 /* Debug */ = {
			isa = XCBuildConfiguration;
			buildSettings = {
				ALWAYS_SEARCH_USER_PATHS = NO;
				CLANG_ANALYZER_NONNULL = YES;
				CLANG_ANALYZER_NUMBER_OBJECT_CONVERSION = YES_AGGRESSIVE;
				CLANG_CXX_LANGUAGE_STANDARD = "gnu++14";
				CLANG_CXX_LIBRARY = "libc++";
				CLANG_ENABLE_MODULES = YES;
				CLANG_ENABLE_OBJC_ARC = YES;
				CLANG_ENABLE_OBJC_WEAK = YES;
				CLANG_WARN_BLOCK_CAPTURE_AUTORELEASING = YES;
				CLANG_WARN_BOOL_CONVERSION = YES;
				CLANG_WARN_COMMA = YES;
				CLANG_WARN_CONSTANT_CONVERSION = YES;
				CLANG_WARN_DEPRECATED_OBJC_IMPLEMENTATIONS = YES;
				CLANG_WARN_DIRECT_OBJC_ISA_USAGE = YES_ERROR;
				CLANG_WARN_DOCUMENTATION_COMMENTS = YES;
				CLANG_WARN_EMPTY_BODY = YES;
				CLANG_WARN_ENUM_CONVERSION = YES;
				CLANG_WARN_INFINITE_RECURSION = YES;
				CLANG_WARN_INT_CONVERSION = YES;
				CLANG_WARN_NON_LITERAL_NULL_CONVERSION = YES;
				CLANG_WARN_OBJC_IMPLICIT_RETAIN_SELF = YES;
				CLANG_WARN_OBJC_LITERAL_CONVERSION = YES;
				CLANG_WARN_OBJC_ROOT_CLASS = YES_ERROR;
				CLANG_WARN_RANGE_LOOP_ANALYSIS = YES;
				CLANG_WARN_STRICT_PROTOTYPES = YES;
				CLANG_WARN_SUSPICIOUS_MOVE = YES;
				CLANG_WARN_UNGUARDED_AVAILABILITY = YES_AGGRESSIVE;
				CLANG_WARN_UNREACHABLE_CODE = YES;
				CLANG_WARN__DUPLICATE_METHOD_MATCH = YES;
				COPY_PHASE_STRIP = NO;
				DEBUG_INFORMATION_FORMAT = dwarf;
				ENABLE_STRICT_OBJC_MSGSEND = YES;
				ENABLE_TESTABILITY = YES;
				GCC_C_LANGUAGE_STANDARD = gnu11;
				GCC_DYNAMIC_NO_PIC = NO;
				GCC_NO_COMMON_BLOCKS = YES;
				GCC_OPTIMIZATION_LEVEL = 0;
				GCC_PREPROCESSOR_DEFINITIONS = (
					"DEBUG=1",
					"$(inherited)",
				);
				GCC_WARN_64_TO_32_BIT_CONVERSION = YES;
				GCC_WARN_ABOUT_RETURN_TYPE = YES_ERROR;
				GCC_WARN_UNDECLARED_SELECTOR = YES;
				GCC_WARN_UNINITIALIZED_AUTOS = YES_AGGRESSIVE;
				GCC_WARN_UNUSED_FUNCTION = YES;
				GCC_WARN_UNUSED_VARIABLE = YES;
				IPHONEOS_DEPLOYMENT_TARGET = 13.2;
				MTL_ENABLE_DEBUG_INFO = INCLUDE_SOURCE;
				MTL_FAST_MATH = YES;
				ONLY_ACTIVE_ARCH = YES;
				SDKROOT = iphoneos;
				SWIFT_ACTIVE_COMPILATION_CONDITIONS = DEBUG;
				SWIFT_OPTIMIZATION_LEVEL = "-Onone";
			};
			name = Debug;
		};
		30378E3A25DD5B0D0080C781 /* Release */ = {
			isa = XCBuildConfiguration;
			buildSettings = {
				ALWAYS_SEARCH_USER_PATHS = NO;
				CLANG_ANALYZER_NONNULL = YES;
				CLANG_ANALYZER_NUMBER_OBJECT_CONVERSION = YES_AGGRESSIVE;
				CLANG_CXX_LANGUAGE_STANDARD = "gnu++14";
				CLANG_CXX_LIBRARY = "libc++";
				CLANG_ENABLE_MODULES = YES;
				CLANG_ENABLE_OBJC_ARC = YES;
				CLANG_ENABLE_OBJC_WEAK = YES;
				CLANG_WARN_BLOCK_CAPTURE_AUTORELEASING = YES;
				CLANG_WARN_BOOL_CONVERSION = YES;
				CLANG_WARN_COMMA = YES;
				CLANG_WARN_CONSTANT_CONVERSION = YES;
				CLANG_WARN_DEPRECATED_OBJC_IMPLEMENTATIONS = YES;
				CLANG_WARN_DIRECT_OBJC_ISA_USAGE = YES_ERROR;
				CLANG_WARN_DOCUMENTATION_COMMENTS = YES;
				CLANG_WARN_EMPTY_BODY = YES;
				CLANG_WARN_ENUM_CONVERSION = YES;
				CLANG_WARN_INFINITE_RECURSION = YES;
				CLANG_WARN_INT_CONVERSION = YES;
				CLANG_WARN_NON_LITERAL_NULL_CONVERSION = YES;
				CLANG_WARN_OBJC_IMPLICIT_RETAIN_SELF = YES;
				CLANG_WARN_OBJC_LITERAL_CONVERSION = YES;
				CLANG_WARN_OBJC_ROOT_CLASS = YES_ERROR;
				CLANG_WARN_RANGE_LOOP_ANALYSIS = YES;
				CLANG_WARN_STRICT_PROTOTYPES = YES;
				CLANG_WARN_SUSPICIOUS_MOVE = YES;
				CLANG_WARN_UNGUARDED_AVAILABILITY = YES_AGGRESSIVE;
				CLANG_WARN_UNREACHABLE_CODE = YES;
				CLANG_WARN__DUPLICATE_METHOD_MATCH = YES;
				COPY_PHASE_STRIP = NO;
				DEBUG_INFORMATION_FORMAT = "dwarf-with-dsym";
				ENABLE_NS_ASSERTIONS = NO;
				ENABLE_STRICT_OBJC_MSGSEND = YES;
				GCC_C_LANGUAGE_STANDARD = gnu11;
				GCC_NO_COMMON_BLOCKS = YES;
				GCC_WARN_64_TO_32_BIT_CONVERSION = YES;
				GCC_WARN_ABOUT_RETURN_TYPE = YES_ERROR;
				GCC_WARN_UNDECLARED_SELECTOR = YES;
				GCC_WARN_UNINITIALIZED_AUTOS = YES_AGGRESSIVE;
				GCC_WARN_UNUSED_FUNCTION = YES;
				GCC_WARN_UNUSED_VARIABLE = YES;
				IPHONEOS_DEPLOYMENT_TARGET = 13.2;
				MTL_ENABLE_DEBUG_INFO = NO;
				MTL_FAST_MATH = YES;
				SDKROOT = iphoneos;
				SWIFT_COMPILATION_MODE = wholemodule;
				SWIFT_OPTIMIZATION_LEVEL = "-O";
				VALIDATE_PRODUCT = YES;
			};
			name = Release;
		};
		30378E3C25DD5B0D0080C781 /* Debug */ = {
			isa = XCBuildConfiguration;
			baseConfigurationReference = 0A1509991DBA026272152228 /* Pods-NYTimesMostPopular.debug.xcconfig */;
			buildSettings = {
				ASSETCATALOG_COMPILER_APPICON_NAME = AppIcon;
				CODE_SIGN_STYLE = Automatic;
				INFOPLIST_FILE = NYTimesMostPopular/Info.plist;
				IPHONEOS_DEPLOYMENT_TARGET = 13.0;
				LD_RUNPATH_SEARCH_PATHS = (
					"$(inherited)",
					"@executable_path/Frameworks",
				);
				PRODUCT_BUNDLE_IDENTIFIER = Boubyan.NYTimesMostPopular;
				PRODUCT_NAME = "$(TARGET_NAME)";
				SWIFT_VERSION = 5.0;
				TARGETED_DEVICE_FAMILY = "1,2";
			};
			name = Debug;
		};
		30378E3D25DD5B0D0080C781 /* Release */ = {
			isa = XCBuildConfiguration;
			baseConfigurationReference = C28E3DA750FEE4DB6A19C56A /* Pods-NYTimesMostPopular.release.xcconfig */;
			buildSettings = {
				ASSETCATALOG_COMPILER_APPICON_NAME = AppIcon;
				CODE_SIGN_STYLE = Automatic;
				INFOPLIST_FILE = NYTimesMostPopular/Info.plist;
				IPHONEOS_DEPLOYMENT_TARGET = 13.0;
				LD_RUNPATH_SEARCH_PATHS = (
					"$(inherited)",
					"@executable_path/Frameworks",
				);
				PRODUCT_BUNDLE_IDENTIFIER = Boubyan.NYTimesMostPopular;
				PRODUCT_NAME = "$(TARGET_NAME)";
				SWIFT_VERSION = 5.0;
				TARGETED_DEVICE_FAMILY = "1,2";
			};
			name = Release;
		};
		30378E3F25DD5B0D0080C781 /* Debug */ = {
			isa = XCBuildConfiguration;
			baseConfigurationReference = 6ECEDCECDB5E95AA8559F9DB /* Pods-NYTimesMostPopularTests.debug.xcconfig */;
			buildSettings = {
				ALWAYS_EMBED_SWIFT_STANDARD_LIBRARIES = YES;
				BUNDLE_LOADER = "$(TEST_HOST)";
				CODE_SIGN_STYLE = Automatic;
				INFOPLIST_FILE = NYTimesMostPopularTests/Info.plist;
				IPHONEOS_DEPLOYMENT_TARGET = 13.2;
				LD_RUNPATH_SEARCH_PATHS = (
					"$(inherited)",
					"@executable_path/Frameworks",
					"@loader_path/Frameworks",
				);
				PRODUCT_BUNDLE_IDENTIFIER = Boubyan.NYTimesMostPopularTests;
				PRODUCT_NAME = "$(TARGET_NAME)";
				SWIFT_VERSION = 5.0;
				TARGETED_DEVICE_FAMILY = "1,2";
				TEST_HOST = "$(BUILT_PRODUCTS_DIR)/NYTimesMostPopular.app/NYTimesMostPopular";
			};
			name = Debug;
		};
		30378E4025DD5B0D0080C781 /* Release */ = {
			isa = XCBuildConfiguration;
			baseConfigurationReference = BC392E4E1C179A20F4997925 /* Pods-NYTimesMostPopularTests.release.xcconfig */;
			buildSettings = {
				ALWAYS_EMBED_SWIFT_STANDARD_LIBRARIES = YES;
				BUNDLE_LOADER = "$(TEST_HOST)";
				CODE_SIGN_STYLE = Automatic;
				INFOPLIST_FILE = NYTimesMostPopularTests/Info.plist;
				IPHONEOS_DEPLOYMENT_TARGET = 13.2;
				LD_RUNPATH_SEARCH_PATHS = (
					"$(inherited)",
					"@executable_path/Frameworks",
					"@loader_path/Frameworks",
				);
				PRODUCT_BUNDLE_IDENTIFIER = Boubyan.NYTimesMostPopularTests;
				PRODUCT_NAME = "$(TARGET_NAME)";
				SWIFT_VERSION = 5.0;
				TARGETED_DEVICE_FAMILY = "1,2";
				TEST_HOST = "$(BUILT_PRODUCTS_DIR)/NYTimesMostPopular.app/NYTimesMostPopular";
			};
			name = Release;
		};
		30378E4225DD5B0D0080C781 /* Debug */ = {
			isa = XCBuildConfiguration;
			baseConfigurationReference = BAA6A917679DBB35DD949C51 /* Pods-NYTimesMostPopular-NYTimesMostPopularUITests.debug.xcconfig */;
			buildSettings = {
				ALWAYS_EMBED_SWIFT_STANDARD_LIBRARIES = YES;
				CODE_SIGN_STYLE = Automatic;
				INFOPLIST_FILE = NYTimesMostPopularUITests/Info.plist;
				LD_RUNPATH_SEARCH_PATHS = (
					"$(inherited)",
					"@executable_path/Frameworks",
					"@loader_path/Frameworks",
				);
				PRODUCT_BUNDLE_IDENTIFIER = Boubyan.NYTimesMostPopularUITests;
				PRODUCT_NAME = "$(TARGET_NAME)";
				SWIFT_VERSION = 5.0;
				TARGETED_DEVICE_FAMILY = "1,2";
				TEST_TARGET_NAME = NYTimesMostPopular;
			};
			name = Debug;
		};
		30378E4325DD5B0D0080C781 /* Release */ = {
			isa = XCBuildConfiguration;
			baseConfigurationReference = 1798AE2EE51BD4AC898E6816 /* Pods-NYTimesMostPopular-NYTimesMostPopularUITests.release.xcconfig */;
			buildSettings = {
				ALWAYS_EMBED_SWIFT_STANDARD_LIBRARIES = YES;
				CODE_SIGN_STYLE = Automatic;
				INFOPLIST_FILE = NYTimesMostPopularUITests/Info.plist;
				LD_RUNPATH_SEARCH_PATHS = (
					"$(inherited)",
					"@executable_path/Frameworks",
					"@loader_path/Frameworks",
				);
				PRODUCT_BUNDLE_IDENTIFIER = Boubyan.NYTimesMostPopularUITests;
				PRODUCT_NAME = "$(TARGET_NAME)";
				SWIFT_VERSION = 5.0;
				TARGETED_DEVICE_FAMILY = "1,2";
				TEST_TARGET_NAME = NYTimesMostPopular;
			};
			name = Release;
		};
/* End XCBuildConfiguration section */

/* Begin XCConfigurationList section */
		30378E0C25DD5B0C0080C781 /* Build configuration list for PBXProject "NYTimesMostPopular" */ = {
			isa = XCConfigurationList;
			buildConfigurations = (
				30378E3925DD5B0D0080C781 /* Debug */,
				30378E3A25DD5B0D0080C781 /* Release */,
			);
			defaultConfigurationIsVisible = 0;
			defaultConfigurationName = Release;
		};
		30378E3B25DD5B0D0080C781 /* Build configuration list for PBXNativeTarget "NYTimesMostPopular" */ = {
			isa = XCConfigurationList;
			buildConfigurations = (
				30378E3C25DD5B0D0080C781 /* Debug */,
				30378E3D25DD5B0D0080C781 /* Release */,
			);
			defaultConfigurationIsVisible = 0;
			defaultConfigurationName = Release;
		};
		30378E3E25DD5B0D0080C781 /* Build configuration list for PBXNativeTarget "NYTimesMostPopularTests" */ = {
			isa = XCConfigurationList;
			buildConfigurations = (
				30378E3F25DD5B0D0080C781 /* Debug */,
				30378E4025DD5B0D0080C781 /* Release */,
			);
			defaultConfigurationIsVisible = 0;
			defaultConfigurationName = Release;
		};
		30378E4125DD5B0D0080C781 /* Build configuration list for PBXNativeTarget "NYTimesMostPopularUITests" */ = {
			isa = XCConfigurationList;
			buildConfigurations = (
				30378E4225DD5B0D0080C781 /* Debug */,
				30378E4325DD5B0D0080C781 /* Release */,
			);
			defaultConfigurationIsVisible = 0;
			defaultConfigurationName = Release;
		};
/* End XCConfigurationList section */
	};
	rootObject = 30378E0925DD5B0C0080C781 /* Project object */;
}
